<Solution>
  <Folder Name="/Solution Items/">
    <File Path="Directory.Build.props" />
    <File Path="Directory.Packages.props" />
    <File Path=".editorconfig" />
    <File Path=".gitignore" />
    <File Path="CLAUDE.md" />
    <File Path="DOMAIN.md" />
  </Folder>
  <Folder Name="/src/">
    <Project Path="src/Foundry.AppHost/Foundry.AppHost.csproj" />
    <Project Path="src/Foundry.ServiceDefaults/Foundry.ServiceDefaults.csproj" />
    <Project Path="src/Foundry.WebApi/Foundry.WebApi.csproj" />
  </Folder>
  <Folder Name="/src/Modules/" />
  <Folder Name="/src/Modules/Credentials/">
    <Project Path="src/Modules/Credentials/Foundry.Modules.Credentials/Foundry.Modules.Credentials.csproj" />
    <Project Path="src/Modules/Credentials/Foundry.Modules.Credentials.Contracts/Foundry.Modules.Credentials.Contracts.csproj" />
  </Folder>
  <Folder Name="/src/Modules/Issues/">
    <Project Path="src/Modules/Issues/Foundry.Modules.Issues/Foundry.Modules.Issues.csproj" />
    <Project Path="src/Modules/Issues/Foundry.Modules.Issues.Contracts/Foundry.Modules.Issues.Contracts.csproj" />
  </Folder>
  <Folder Name="/src/Modules/Monitoring/">
    <Project Path="src/Modules/Monitoring/Foundry.Modules.Monitoring.Contracts/Foundry.Modules.Monitoring.Contracts.csproj" />
    <Project Path="src/Modules/Monitoring/Foundry.Modules.Monitoring/Foundry.Modules.Monitoring.csproj" />
  </Folder>
  <Folder Name="/src/Modules/Settings/">
    <Project Path="src/Modules/Settings/Foundry.Modules.Settings/Foundry.Modules.Settings.csproj" />
    <Project Path="src/Modules/Settings/Foundry.Modules.Settings.Contracts/Foundry.Modules.Settings.Contracts.csproj" />
  </Folder>
  <Folder Name="/src/Modules/Workers/">
    <Project Path="src/Modules/Workers/Foundry.Modules.Workers.Contracts/Foundry.Modules.Workers.Contracts.csproj" />
    <Project Path="src/Modules/Workers/Foundry.Modules.Workers/Foundry.Modules.Workers.csproj" />
  </Folder>
  <Folder Name="/src/Shared/">
    <Project Path="src/Foundry.Shared/Foundry.Shared.csproj" />
    <Project Path="src/Foundry.Shared.Infrastructure/Foundry.Shared.Infrastructure.csproj" />
    <Project Path="src/Foundry.Shared.Infrastructure.Docker/Foundry.Shared.Infrastructure.Docker.csproj" />
  </Folder>
  <Folder Name="/tests/">
    <Project Path="tests/Foundry.Testing/Foundry.Testing.csproj" />
    <Project Path="tests/Foundry.IntegrationTests/Foundry.IntegrationTests.csproj" />
    <Project Path="tests/Foundry.UnitTests/Foundry.UnitTests.csproj" />
  </Folder>
</Solution>
