<Solution>
  <Folder Name="/src/">
    <Project Path="src/Foundry.AppHost/Foundry.AppHost.csproj" />
    <Project Path="src/Foundry.Contracts/Foundry.Contracts.csproj" />
    <Project Path="src/Foundry.ServiceDefaults/Foundry.ServiceDefaults.csproj" />
    <Project Path="src/Foundry.WebApi/Foundry.WebApi.csproj" />
  </Folder>
  <Folder Name="/tests/">
    <Project Path="tests/Foundry.Testing/Foundry.Testing.csproj" />
    <Project Path="tests/Foundry.WebApi.IntegrationTests/Foundry.WebApi.IntegrationTests.csproj" />
    <Project Path="tests/Foundry.WebApi.UnitTests/Foundry.WebApi.UnitTests.csproj" />
  </Folder>
</Solution>
